{
  "pins" : [
    {
      "identity" : "krakennetwork",
      "kind" : "remoteSourceControl",
      "location" : "https://github.com/AlfredoHernandez/KrakenNetwork.git",
      "state" : {
        "branch" : "main",
        "revision" : "b71bd04344e1c0e8897cac1be5f8cd3e4d528996"
      }
    }
  ],
  "version" : 2
}
